
Microsoft Visual Studio Solution File, Format Version 12.00
# Visual Studio Version 16
VisualStudioVersion = 16.0.31005.135
MinimumVisualStudioVersion = 10.0.40219.1
Project("{9A19103F-16F7-4668-BE54-9A1E7A4F7556}") = "MintGarage", "MintGarage\MintGarage.csproj", "{20AE9917-7484-445B-A544-04141D6BC72E}"
EndProject
Project("{FAE04EC0-301F-11D3-BF4B-00C04F79EFBC}") = "ConsultationFormTests", "ConsultationFormTests\ConsultationFormTests.csproj", "{6EEB6D90-8E74-4DA4-96BB-5F13250BDEB0}"
EndProject
Global
	GlobalSection(SolutionConfigurationPlatforms) = preSolution
		Debug|Any CPU = Debug|Any CPU
		Release|Any CPU = Release|Any CPU
	EndGlobalSection
	GlobalSection(ProjectConfigurationPlatforms) = postSolution
		{20AE9917-7484-445B-A544-04141D6BC72E}.Debug|Any CPU.ActiveCfg = Debug|Any CPU
		{20AE9917-7484-445B-A544-04141D6BC72E}.Debug|Any CPU.Build.0 = Debug|Any CPU
		{20AE9917-7484-445B-A544-04141D6BC72E}.Release|Any CPU.ActiveCfg = Release|Any CPU
		{20AE9917-7484-445B-A544-04141D6BC72E}.Release|Any CPU.Build.0 = Release|Any CPU
		{6EEB6D90-8E74-4DA4-96BB-5F13250BDEB0}.Debug|Any CPU.ActiveCfg = Debug|Any CPU
		{6EEB6D90-8E74-4DA4-96BB-5F13250BDEB0}.Debug|Any CPU.Build.0 = Debug|Any CPU
		{6EEB6D90-8E74-4DA4-96BB-5F13250BDEB0}.Release|Any CPU.ActiveCfg = Release|Any CPU
		{6EEB6D90-8E74-4DA4-96BB-5F13250BDEB0}.Release|Any CPU.Build.0 = Release|Any CPU
	EndGlobalSection
	GlobalSection(SolutionProperties) = preSolution
		HideSolutionNode = FALSE
	EndGlobalSection
	GlobalSection(ExtensibilityGlobals) = postSolution
		SolutionGuid = {188BD773-3F85-458E-8AD0-F6C086A340FB}
	EndGlobalSection
EndGlobal
